# This file is automatically @generated by Cargo.
# It is not intended for manual editing.
[[package]]
name = "bitflags"
version = "1.2.1"
source = "registry+https://github.com/rust-lang/crates.io-index"
checksum = "cf1de2fe8c75bc145a2f577add951f8134889b4795d47466a54a5c846d691693"

[[package]]
name = "csfml-audio-sys"
version = "0.5.0"
source = "git+https://github.com/jeremyletang/rust-sfml.git#d71c3b92f6f8995ad700ad5b04fa86ee0339d828"
dependencies = [
 "csfml-system-sys",
 "sfml-build",
]

[[package]]
name = "csfml-graphics-sys"
version = "0.5.0"
source = "git+https://github.com/jeremyletang/rust-sfml.git#d71c3b92f6f8995ad700ad5b04fa86ee0339d828"
dependencies = [
 "csfml-system-sys",
 "csfml-window-sys",
 "sfml-build",
]

[[package]]
name = "csfml-system-sys"
version = "0.5.0"
source = "git+https://github.com/jeremyletang/rust-sfml.git#d71c3b92f6f8995ad700ad5b04fa86ee0339d828"
dependencies = [
 "sfml-build",
]

[[package]]
name = "csfml-window-sys"
version = "0.5.0"
source = "git+https://github.com/jeremyletang/rust-sfml.git#d71c3b92f6f8995ad700ad5b04fa86ee0339d828"
dependencies = [
 "csfml-system-sys",
 "sfml-build",
]

[[package]]
name = "native"
version = "0.1.0"
source = "registry+https://github.com/rust-lang/crates.io-index"
checksum = "28aec73d5bd91deaa858b7be2133b70ad52884e5d18f7580f34c04149d47ddf5"

[[package]]
name = "once_cell"
version = "1.7.2"
source = "registry+https://github.com/rust-lang/crates.io-index"
checksum = "af8b08b04175473088b46763e51ee54da5f9a164bc162f615b91bc179dbf15a3"

[[package]]
name = "rustenstein3D"
version = "0.1.0"
dependencies = [
 "native",
 "sfml",
]

[[package]]
name = "sfml"
version = "0.15.1"
source = "git+https://github.com/jeremyletang/rust-sfml.git#d71c3b92f6f8995ad700ad5b04fa86ee0339d828"
dependencies = [
 "bitflags",
 "csfml-audio-sys",
 "csfml-graphics-sys",
 "csfml-system-sys",
 "csfml-window-sys",
 "once_cell",
 "widestring",
]

[[package]]
name = "sfml-build"
version = "0.3.0"
source = "git+https://github.com/jeremyletang/rust-sfml.git#d71c3b92f6f8995ad700ad5b04fa86ee0339d828"

[[package]]
name = "widestring"
version = "0.4.3"
source = "registry+https://github.com/rust-lang/crates.io-index"
checksum = "c168940144dd21fd8046987c16a46a33d5fc84eec29ef9dcddc2ac9e31526b7c"
